{
  "nodes": {
    "nixpkgs": {
      "locked": {
        "lastModified": 1725194671,
        "narHash": "sha256-tLGCFEFTB5TaOKkpfw3iYT9dnk4awTP/q4w+ROpMfuw=",
        "owner": "NixOS",
        "repo": "nixpkgs",
        "rev": "b833ff01a0d694b910daca6e2ff4a3f26dee478c",
        "type": "github"
      },
      "original": {
        "owner": "NixOS",
        "ref": "nixpkgs-unstable",
        "repo": "nixpkgs",
        "type": "github"
      }
    },
    "nixpkgs-vmtools": {
      "locked": {
        "lastModified": 1730488339,
        "narHash": "sha256-v6P9mhkcUWj6G167Hb9EDJEbyhoujG6rgU6OUHr0VfQ=",
        "owner": "felixscheinost",
        "repo": "nixpkgs",
        "rev": "dc0026e2fbde2de87156a846f5298531e7b96c47",
        "type": "github"
      },
      "original": {
        "owner": "felixscheinost",
        "ref": "runInLinuxVM-add-hostPkgs",
        "repo": "nixpkgs",
        "type": "github"
      }
    },
    "root": {
      "inputs": {
        "nixpkgs": "nixpkgs",
        "nixpkgs-vmtools": "nixpkgs-vmtools"
      }
    }
  },
  "root": "root",
  "version": 7
}
